
Microsoft Visual Studio Solution File, Format Version 12.00
# Visual Studio 15
VisualStudioVersion = 15.0.27428.2005
MinimumVisualStudioVersion = 10.0.40219.1
Project("{FAE04EC0-301F-11D3-BF4B-00C04F79EFBC}") = "AzureExamples", "AzureExamples\AzureExamples.csproj", "{3AA898E3-3C55-4B3A-B981-7B3EB65A23FA}"
EndProject
Global
	GlobalSection(SolutionConfigurationPlatforms) = preSolution
		Debug|Any CPU = Debug|Any CPU
		Release|Any CPU = Release|Any CPU
	EndGlobalSection
	GlobalSection(ProjectConfigurationPlatforms) = postSolution
		{3AA898E3-3C55-4B3A-B981-7B3EB65A23FA}.Debug|Any CPU.ActiveCfg = Debug|Any CPU
		{3AA898E3-3C55-4B3A-B981-7B3EB65A23FA}.Debug|Any CPU.Build.0 = Debug|Any CPU
		{3AA898E3-3C55-4B3A-B981-7B3EB65A23FA}.Release|Any CPU.ActiveCfg = Release|Any CPU
		{3AA898E3-3C55-4B3A-B981-7B3EB65A23FA}.Release|Any CPU.Build.0 = Release|Any CPU
	EndGlobalSection
	GlobalSection(SolutionProperties) = preSolution
		HideSolutionNode = FALSE
	EndGlobalSection
	GlobalSection(ExtensibilityGlobals) = postSolution
		SolutionGuid = {577F4C2C-8E0B-4D40-ABD7-2851B842583C}
	EndGlobalSection
EndGlobal
